
Microsoft Visual Studio Solution File, Format Version 12.00
# Visual Studio Version 17
VisualStudioVersion = 17.5.33516.290
MinimumVisualStudioVersion = 10.0.40219.1
Project("{FAE04EC0-301F-11D3-BF4B-00C04F79EFBC}") = "PaymentsExampleApp", "PaymentsExampleApp.csproj", "{91FC3BF4-3F2E-4CB1-A841-0A0A77ED9131}"
EndProject
Global
	GlobalSection(SolutionConfigurationPlatforms) = preSolution
		Debug|Any CPU = Debug|Any CPU
		Release|Any CPU = Release|Any CPU
	EndGlobalSection
	GlobalSection(ProjectConfigurationPlatforms) = postSolution
		{91FC3BF4-3F2E-4CB1-A841-0A0A77ED9131}.Debug|Any CPU.ActiveCfg = Debug|Any CPU
		{91FC3BF4-3F2E-4CB1-A841-0A0A77ED9131}.Debug|Any CPU.Build.0 = Debug|Any CPU
		{91FC3BF4-3F2E-4CB1-A841-0A0A77ED9131}.Release|Any CPU.ActiveCfg = Release|Any CPU
		{91FC3BF4-3F2E-4CB1-A841-0A0A77ED9131}.Release|Any CPU.Build.0 = Release|Any CPU
	EndGlobalSection
	GlobalSection(SolutionProperties) = preSolution
		HideSolutionNode = FALSE
	EndGlobalSection
	GlobalSection(ExtensibilityGlobals) = postSolution
		SolutionGuid = {45196ED4-F158-44EB-9D75-6DB4675E34C4}
	EndGlobalSection
EndGlobal
